
Microsoft Visual Studio Solution File, Format Version 11.00
# Visual Studio 2010
# SharpDevelop 4.0.0.7070
Project("{FAE04EC0-301F-11D3-BF4B-00C04F79EFBC}") = "Pierwszy", "Pierwszy\Pierwszy.csproj", "{67AC5E56-BF33-4093-BDF8-C10ED33ACD61}"
EndProject
Project("{FAE04EC0-301F-11D3-BF4B-00C04F79EFBC}") = "Pobieranie", "Pobieranie\Pobieranie.csproj", "{A571E88F-CA0C-413B-8C16-969B1BCE0D9C}"
EndProject
Project("{FAE04EC0-301F-11D3-BF4B-00C04F79EFBC}") = "Wyliczeniowy", "Wyliczeniowy\Wyliczeniowy.csproj", "{8D9FE2B0-B8B8-47AD-A9D6-5B286CDC4E65}"
EndProject
Project("{FAE04EC0-301F-11D3-BF4B-00C04F79EFBC}") = "Rzutowanie", "Rzutowanie\Rzutowanie.csproj", "{7AC3824D-D9C6-4077-AA1D-ED2FF27F2FD0}"
EndProject
Project("{FAE04EC0-301F-11D3-BF4B-00C04F79EFBC}") = "Konwersja", "Konwersja\Konwersja.csproj", "{5C0CBEBC-BB2D-44DF-812C-4B61A31F08A3}"
EndProject
Project("{FAE04EC0-301F-11D3-BF4B-00C04F79EFBC}") = "Opakowywanie", "Opakowywanie\Opakowywanie.csproj", "{92C2F2A8-4938-4950-ACE2-98FD944838E9}"
EndProject
Project("{FAE04EC0-301F-11D3-BF4B-00C04F79EFBC}") = "Arytmetyczne", "Arytmetyczne\Arytmetyczne.csproj", "{E6D23347-0D7C-4F73-A6C6-7DFAA3A5F828}"
EndProject
Project("{FAE04EC0-301F-11D3-BF4B-00C04F79EFBC}") = "Bitowy", "Bitowy\Bitowy.csproj", "{A158F4CC-0557-4187-9E6B-772FAA74D895}"
EndProject
Project("{FAE04EC0-301F-11D3-BF4B-00C04F79EFBC}") = "Relacje", "Relacje\Relacje.csproj", "{14E50D00-0E63-4BAF-BF87-427A2AB21C7C}"
EndProject
Project("{FAE04EC0-301F-11D3-BF4B-00C04F79EFBC}") = "Warunki", "Warunki\Warunki.csproj", "{3C302C8E-9F89-4FE7-AD07-16111F3079E3}"
EndProject
Project("{FAE04EC0-301F-11D3-BF4B-00C04F79EFBC}") = "OperatorWarunkowy", "OperatorWarunkowy\OperatorWarunkowy.csproj", "{AB6F4DA5-614F-4CEA-B693-2F5BFC8E4376}"
EndProject
Project("{FAE04EC0-301F-11D3-BF4B-00C04F79EFBC}") = "OperatoryPrzypisania", "OperatoryPrzypisania\OperatoryPrzypisania.csproj", "{542C0465-3EBC-4643-ABD8-89182302D79F}"
EndProject
Project("{FAE04EC0-301F-11D3-BF4B-00C04F79EFBC}") = "Inkrementacja_dekrementacja", "Inkrementacja_dekrementacja\Inkrementacja_dekrementacja.csproj", "{92951C42-75E1-4820-BB3D-2BECF13A1A10}"
EndProject
Project("{FAE04EC0-301F-11D3-BF4B-00C04F79EFBC}") = "Tablice", "Tablice\Tablice.csproj", "{F55B50E0-FA84-4267-A82E-210AC2B4D9BF}"
EndProject
Project("{FAE04EC0-301F-11D3-BF4B-00C04F79EFBC}") = "Formularze", "Formularze\Formularze.csproj", "{9070A06F-E619-4B76-8592-B80CDEEFF542}"
EndProject
Project("{FAE04EC0-301F-11D3-BF4B-00C04F79EFBC}") = "PetlaFOR", "PetlaFOR\PetlaFOR.csproj", "{5E1B9ED9-C026-42E7-9287-6212DF09F5D2}"
EndProject
Project("{FAE04EC0-301F-11D3-BF4B-00C04F79EFBC}") = "InstrukcjaIF", "InstrukcjaIF\InstrukcjaIF.csproj", "{9E3405FB-B0E8-42C1-BB66-2BC11012505B}"
EndProject
Project("{FAE04EC0-301F-11D3-BF4B-00C04F79EFBC}") = "TypZnaku", "TypZnaku\TypZnaku.csproj", "{528C95F8-36B8-4680-AE7D-F08B564A52E4}"
EndProject
Project("{FAE04EC0-301F-11D3-BF4B-00C04F79EFBC}") = "ZnakiSterujace", "ZnakiSterujace\ZnakiSterujace.csproj", "{46CFAF31-0634-4D3D-986C-885001567D07}"
EndProject
Project("{FAE04EC0-301F-11D3-BF4B-00C04F79EFBC}") = "OknoDialogowe", "OknoDialogowe\OknoDialogowe.csproj", "{863C7BB1-8CD9-4AB4-8649-6808BAC83768}"
EndProject
Project("{FAE04EC0-301F-11D3-BF4B-00C04F79EFBC}") = "Okna", "Okna\Okna.csproj", "{CB16FEE1-9C6F-4EA4-B889-5738AC7EC8D5}"
EndProject
Project("{FAE04EC0-301F-11D3-BF4B-00C04F79EFBC}") = "OperacjeTekstowe", "OperacjeTekstowe\OperacjeTekstowe.csproj", "{4FEB5BD7-30A7-4A75-811E-CCD4CCEE8B51}"
EndProject
Project("{FAE04EC0-301F-11D3-BF4B-00C04F79EFBC}") = "Zmienne", "Zmienne\Zmienne.csproj", "{F7989888-2B8D-4CA7-96EC-DDD67B98AD54}"
EndProject
Project("{FAE04EC0-301F-11D3-BF4B-00C04F79EFBC}") = "PetlaForEach", "PętlaForEach\PetlaForEach.csproj", "{507707F9-0339-44B6-9FE9-0AE92BF5760B}"
EndProject
Project("{FAE04EC0-301F-11D3-BF4B-00C04F79EFBC}") = "PetlaDO", "PetlaDO\PetlaDO.csproj", "{DA090642-D13C-4DDA-8A83-2793FFFB4A4C}"
EndProject
Project("{FAE04EC0-301F-11D3-BF4B-00C04F79EFBC}") = "PetlaWHILE", "PetlaWHILE\PetlaWHILE.csproj", "{AA365D5A-D74A-4093-9470-2C2F5E73D544}"
EndProject
Project("{FAE04EC0-301F-11D3-BF4B-00C04F79EFBC}") = "BreakContinue", "BreakContinue\BreakContinue.csproj", "{CBBC3D94-E5DA-446F-8330-D67F68444DB8}"
EndProject
Project("{FAE04EC0-301F-11D3-BF4B-00C04F79EFBC}") = "InstrukcjaSWITCH", "InstrukcjaSWITCH\InstrukcjaSWITCH.csproj", "{149EBDB8-E363-4B21-8B97-A9039FFE9245}"
EndProject
Project("{FAE04EC0-301F-11D3-BF4B-00C04F79EFBC}") = "Wyjątki", "Wyjątki\Wyjątki.csproj", "{C757CAF8-F6A8-444E-B9EA-44555D206F9D}"
EndProject
Project("{FAE04EC0-301F-11D3-BF4B-00C04F79EFBC}") = "Zdarzenia", "Zdarzenia\Zdarzenia.csproj", "{899987AE-0FB1-41D1-91DC-5F608EE1CF7D}"
EndProject
Project("{FAE04EC0-301F-11D3-BF4B-00C04F79EFBC}") = "Klasy", "Klasy\Klasy.csproj", "{19496E0B-9186-446F-B664-E51C7A8C75D9}"
EndProject
Project("{FAE04EC0-301F-11D3-BF4B-00C04F79EFBC}") = "Przekazywanie_Argumentow", "Przekazywanie_Argumentow\Przekazywanie_Argumentow.csproj", "{94998459-1976-4BA7-9889-2D762895327F}"
EndProject
Project("{FAE04EC0-301F-11D3-BF4B-00C04F79EFBC}") = "Dziedziczenie", "Dziedziczenie\Dziedziczenie.csproj", "{632AFEAE-3AAE-4786-B31C-95F44A8009DA}"
EndProject
Project("{FAE04EC0-301F-11D3-BF4B-00C04F79EFBC}") = "Interfejs", "Interfejs\Interfejs.csproj", "{BBA06EF1-EB07-48A2-AA0E-FFC32E33178D}"
EndProject
Project("{FAE04EC0-301F-11D3-BF4B-00C04F79EFBC}") = "Statyczne", "Statyczne\Statyczne.csproj", "{CAAABAB1-DE03-43DF-965B-2A53FBEA2131}"
EndProject
Project("{FAE04EC0-301F-11D3-BF4B-00C04F79EFBC}") = "Wlasciwosci", "Wlasciwosci\Wlasciwosci.csproj", "{1D3E1357-7070-49F7-B510-4C206F31DC76}"
EndProject
Project("{FAE04EC0-301F-11D3-BF4B-00C04F79EFBC}") = "_this_", "_this_\_this_.csproj", "{36CAB507-89D2-42A0-BB8D-43E4974B0B73}"
EndProject
Project("{FAE04EC0-301F-11D3-BF4B-00C04F79EFBC}") = "Delegacje", "Delegacje\Delegacje.csproj", "{FCBBCB7D-6DC5-4C83-B9FD-9A951D17C088}"
EndProject
Project("{FAE04EC0-301F-11D3-BF4B-00C04F79EFBC}") = "Struktury", "Struktury\Struktury.csproj", "{B6EEAD1E-65FB-43EC-9938-129C919B6658}"
EndProject
Project("{FAE04EC0-301F-11D3-BF4B-00C04F79EFBC}") = "DataCzas", "DataCzas\DataCzas.csproj", "{277F5A83-76B4-4961-A8AC-EF90712EF5F1}"
EndProject
Project("{FAE04EC0-301F-11D3-BF4B-00C04F79EFBC}") = "Watki", "Watki\Watki.csproj", "{4BB4D689-134A-4845-87DF-F5001D1CEC92}"
EndProject
Project("{FAE04EC0-301F-11D3-BF4B-00C04F79EFBC}") = "ObiektTimer", "ObiektTimer\ObiektTimer.csproj", "{04659F98-5457-44B7-8FD6-36216D32880E}"
EndProject
Project("{FAE04EC0-301F-11D3-BF4B-00C04F79EFBC}") = "SprawdzanieNumerow", "SprawdzanieNumerow\SprawdzanieNumerow.csproj", "{8756A99D-C916-4168-B3FC-BDBB9E14D4F5}"
EndProject
Project("{FAE04EC0-301F-11D3-BF4B-00C04F79EFBC}") = "Grafika", "Grafika\Grafika.csproj", "{13C5ECB9-4C6C-4D0A-9780-B6FE2436D162}"
EndProject
Project("{FAE04EC0-301F-11D3-BF4B-00C04F79EFBC}") = "ZapisOdczyt", "ZapisOdczyt\ZapisOdczyt.csproj", "{77E2FD53-D2CA-4710-9281-CEF4BDB5192E}"
EndProject
Project("{FAE04EC0-301F-11D3-BF4B-00C04F79EFBC}") = "FolderyPliki", "FolderyPliki\FolderyPliki.csproj", "{AF42626C-5212-4E4E-84DF-30BE8F253C51}"
EndProject
Project("{FAE04EC0-301F-11D3-BF4B-00C04F79EFBC}") = "Maskowane", "Maskowane\Maskowane.csproj", "{463C3583-41B6-4A68-9C0B-6F2ABCD34AB8}"
EndProject
Project("{FAE04EC0-301F-11D3-BF4B-00C04F79EFBC}") = "ObiektRadioButton", "ObiektRadioButton\ObiektRadioButton.csproj", "{15129594-4CB7-416F-9674-E176FF9CCC57}"
EndProject
Project("{FAE04EC0-301F-11D3-BF4B-00C04F79EFBC}") = "ListaProsta", "ListaProsta\ListaProsta.csproj", "{837D24E0-F7AC-4421-89CF-434494CCA14F}"
EndProject
Project("{FAE04EC0-301F-11D3-BF4B-00C04F79EFBC}") = "ListaRozwijana", "ListaRozwijana\ListaRozwijana.csproj", "{61CEAFB6-2A24-46FF-881B-3E6FE58EF34D}"
EndProject
Project("{FAE04EC0-301F-11D3-BF4B-00C04F79EFBC}") = "Kalendarz", "Kalendarz\Kalendarz.csproj", "{C736FD43-F552-49F4-935F-0A109A8E9CE8}"
EndProject
Project("{FAE04EC0-301F-11D3-BF4B-00C04F79EFBC}") = "Zakladki", "Zakladki\Zakladki.csproj", "{CC92D891-89F6-4560-BE9D-91A82D3A5820}"
EndProject
Project("{FAE04EC0-301F-11D3-BF4B-00C04F79EFBC}") = "Drzewo", "Drzewo\Drzewo.csproj", "{9EF44F00-D7E0-4F42-A9C4-E3BB273695BA}"
EndProject
Project("{FAE04EC0-301F-11D3-BF4B-00C04F79EFBC}") = "ListaZlozona", "ListaZlozona\ListaZlozona.csproj", "{0152B04A-C8FB-4F1A-B8CF-AB78ABA4D678}"
EndProject
Project("{FAE04EC0-301F-11D3-BF4B-00C04F79EFBC}") = "Przelicznik", "Przelicznik\Przelicznik.csproj", "{A66A6942-1364-4DF1-89A6-7E92CCFCDB81}"
EndProject
Project("{FAE04EC0-301F-11D3-BF4B-00C04F79EFBC}") = "KolekcjaList", "KolekcjaList\KolekcjaList.csproj", "{F318D1D9-CF85-4663-8ACD-B5EAA2C8F5B5}"
EndProject
Project("{FAE04EC0-301F-11D3-BF4B-00C04F79EFBC}") = "KolekcjaDictionary", "KolekcjaDictionary\KolekcjaDictionary.csproj", "{47E31169-D139-4D3A-9264-C710C2373737}"
EndProject
Project("{FAE04EC0-301F-11D3-BF4B-00C04F79EFBC}") = "KolekcjaQueue", "KolekcjaQueue\KolekcjaQueue.csproj", "{72388876-E9C5-4B3F-8726-B5E0667DEA3E}"
EndProject
Project("{FAE04EC0-301F-11D3-BF4B-00C04F79EFBC}") = "KolekcjaStack", "KolekcjaStack\KolekcjaStack.csproj", "{68C83683-67FD-4884-8057-6C78CC52E578}"
EndProject
Project("{FAE04EC0-301F-11D3-BF4B-00C04F79EFBC}") = "EdytorTekstu", "EdytorTekstu\EdytorTekstu.csproj", "{362445D0-A624-4554-A80F-04D099F85F6B}"
EndProject
Project("{FAE04EC0-301F-11D3-BF4B-00C04F79EFBC}") = "Przeglądarka", "Przeglądarka\Przeglądarka.csproj", "{0245D646-6DB7-4571-BF21-5356F295FE50}"
EndProject
Global
	GlobalSection(SolutionConfigurationPlatforms) = preSolution
		Debug|x86 = Debug|x86
		Release|x86 = Release|x86
	EndGlobalSection
	GlobalSection(ProjectConfigurationPlatforms) = postSolution
		{67AC5E56-BF33-4093-BDF8-C10ED33ACD61}.Debug|x86.Build.0 = Debug|x86
		{67AC5E56-BF33-4093-BDF8-C10ED33ACD61}.Debug|x86.ActiveCfg = Debug|x86
		{67AC5E56-BF33-4093-BDF8-C10ED33ACD61}.Release|x86.Build.0 = Release|x86
		{67AC5E56-BF33-4093-BDF8-C10ED33ACD61}.Release|x86.ActiveCfg = Release|x86
		{A571E88F-CA0C-413B-8C16-969B1BCE0D9C}.Debug|x86.Build.0 = Debug|x86
		{A571E88F-CA0C-413B-8C16-969B1BCE0D9C}.Debug|x86.ActiveCfg = Debug|x86
		{A571E88F-CA0C-413B-8C16-969B1BCE0D9C}.Release|x86.Build.0 = Release|x86
		{A571E88F-CA0C-413B-8C16-969B1BCE0D9C}.Release|x86.ActiveCfg = Release|x86
		{8D9FE2B0-B8B8-47AD-A9D6-5B286CDC4E65}.Debug|x86.Build.0 = Debug|x86
		{8D9FE2B0-B8B8-47AD-A9D6-5B286CDC4E65}.Debug|x86.ActiveCfg = Debug|x86
		{8D9FE2B0-B8B8-47AD-A9D6-5B286CDC4E65}.Release|x86.Build.0 = Release|x86
		{8D9FE2B0-B8B8-47AD-A9D6-5B286CDC4E65}.Release|x86.ActiveCfg = Release|x86
		{7AC3824D-D9C6-4077-AA1D-ED2FF27F2FD0}.Debug|x86.Build.0 = Debug|x86
		{7AC3824D-D9C6-4077-AA1D-ED2FF27F2FD0}.Debug|x86.ActiveCfg = Debug|x86
		{7AC3824D-D9C6-4077-AA1D-ED2FF27F2FD0}.Release|x86.Build.0 = Release|x86
		{7AC3824D-D9C6-4077-AA1D-ED2FF27F2FD0}.Release|x86.ActiveCfg = Release|x86
		{5C0CBEBC-BB2D-44DF-812C-4B61A31F08A3}.Debug|x86.Build.0 = Debug|x86
		{5C0CBEBC-BB2D-44DF-812C-4B61A31F08A3}.Debug|x86.ActiveCfg = Debug|x86
		{5C0CBEBC-BB2D-44DF-812C-4B61A31F08A3}.Release|x86.Build.0 = Release|x86
		{5C0CBEBC-BB2D-44DF-812C-4B61A31F08A3}.Release|x86.ActiveCfg = Release|x86
		{92C2F2A8-4938-4950-ACE2-98FD944838E9}.Debug|x86.Build.0 = Debug|x86
		{92C2F2A8-4938-4950-ACE2-98FD944838E9}.Debug|x86.ActiveCfg = Debug|x86
		{92C2F2A8-4938-4950-ACE2-98FD944838E9}.Release|x86.Build.0 = Release|x86
		{92C2F2A8-4938-4950-ACE2-98FD944838E9}.Release|x86.ActiveCfg = Release|x86
		{E6D23347-0D7C-4F73-A6C6-7DFAA3A5F828}.Debug|x86.Build.0 = Debug|x86
		{E6D23347-0D7C-4F73-A6C6-7DFAA3A5F828}.Debug|x86.ActiveCfg = Debug|x86
		{E6D23347-0D7C-4F73-A6C6-7DFAA3A5F828}.Release|x86.Build.0 = Release|x86
		{E6D23347-0D7C-4F73-A6C6-7DFAA3A5F828}.Release|x86.ActiveCfg = Release|x86
		{A158F4CC-0557-4187-9E6B-772FAA74D895}.Debug|x86.Build.0 = Debug|x86
		{A158F4CC-0557-4187-9E6B-772FAA74D895}.Debug|x86.ActiveCfg = Debug|x86
		{A158F4CC-0557-4187-9E6B-772FAA74D895}.Release|x86.Build.0 = Release|x86
		{A158F4CC-0557-4187-9E6B-772FAA74D895}.Release|x86.ActiveCfg = Release|x86
		{14E50D00-0E63-4BAF-BF87-427A2AB21C7C}.Debug|x86.Build.0 = Debug|x86
		{14E50D00-0E63-4BAF-BF87-427A2AB21C7C}.Debug|x86.ActiveCfg = Debug|x86
		{14E50D00-0E63-4BAF-BF87-427A2AB21C7C}.Release|x86.Build.0 = Release|x86
		{14E50D00-0E63-4BAF-BF87-427A2AB21C7C}.Release|x86.ActiveCfg = Release|x86
		{3C302C8E-9F89-4FE7-AD07-16111F3079E3}.Debug|x86.Build.0 = Debug|x86
		{3C302C8E-9F89-4FE7-AD07-16111F3079E3}.Debug|x86.ActiveCfg = Debug|x86
		{3C302C8E-9F89-4FE7-AD07-16111F3079E3}.Release|x86.Build.0 = Release|x86
		{3C302C8E-9F89-4FE7-AD07-16111F3079E3}.Release|x86.ActiveCfg = Release|x86
		{AB6F4DA5-614F-4CEA-B693-2F5BFC8E4376}.Debug|x86.Build.0 = Debug|x86
		{AB6F4DA5-614F-4CEA-B693-2F5BFC8E4376}.Debug|x86.ActiveCfg = Debug|x86
		{AB6F4DA5-614F-4CEA-B693-2F5BFC8E4376}.Release|x86.Build.0 = Release|x86
		{AB6F4DA5-614F-4CEA-B693-2F5BFC8E4376}.Release|x86.ActiveCfg = Release|x86
		{542C0465-3EBC-4643-ABD8-89182302D79F}.Debug|x86.Build.0 = Debug|x86
		{542C0465-3EBC-4643-ABD8-89182302D79F}.Debug|x86.ActiveCfg = Debug|x86
		{542C0465-3EBC-4643-ABD8-89182302D79F}.Release|x86.Build.0 = Release|x86
		{542C0465-3EBC-4643-ABD8-89182302D79F}.Release|x86.ActiveCfg = Release|x86
		{92951C42-75E1-4820-BB3D-2BECF13A1A10}.Debug|x86.Build.0 = Debug|x86
		{92951C42-75E1-4820-BB3D-2BECF13A1A10}.Debug|x86.ActiveCfg = Debug|x86
		{92951C42-75E1-4820-BB3D-2BECF13A1A10}.Release|x86.Build.0 = Release|x86
		{92951C42-75E1-4820-BB3D-2BECF13A1A10}.Release|x86.ActiveCfg = Release|x86
		{F55B50E0-FA84-4267-A82E-210AC2B4D9BF}.Debug|x86.Build.0 = Debug|x86
		{F55B50E0-FA84-4267-A82E-210AC2B4D9BF}.Debug|x86.ActiveCfg = Debug|x86
		{F55B50E0-FA84-4267-A82E-210AC2B4D9BF}.Release|x86.Build.0 = Release|x86
		{F55B50E0-FA84-4267-A82E-210AC2B4D9BF}.Release|x86.ActiveCfg = Release|x86
		{9070A06F-E619-4B76-8592-B80CDEEFF542}.Debug|x86.Build.0 = Debug|x86
		{9070A06F-E619-4B76-8592-B80CDEEFF542}.Debug|x86.ActiveCfg = Debug|x86
		{9070A06F-E619-4B76-8592-B80CDEEFF542}.Release|x86.Build.0 = Release|x86
		{9070A06F-E619-4B76-8592-B80CDEEFF542}.Release|x86.ActiveCfg = Release|x86
		{5E1B9ED9-C026-42E7-9287-6212DF09F5D2}.Debug|x86.Build.0 = Debug|x86
		{5E1B9ED9-C026-42E7-9287-6212DF09F5D2}.Debug|x86.ActiveCfg = Debug|x86
		{5E1B9ED9-C026-42E7-9287-6212DF09F5D2}.Release|x86.Build.0 = Release|x86
		{5E1B9ED9-C026-42E7-9287-6212DF09F5D2}.Release|x86.ActiveCfg = Release|x86
		{9E3405FB-B0E8-42C1-BB66-2BC11012505B}.Debug|x86.Build.0 = Debug|x86
		{9E3405FB-B0E8-42C1-BB66-2BC11012505B}.Debug|x86.ActiveCfg = Debug|x86
		{9E3405FB-B0E8-42C1-BB66-2BC11012505B}.Release|x86.Build.0 = Release|x86
		{9E3405FB-B0E8-42C1-BB66-2BC11012505B}.Release|x86.ActiveCfg = Release|x86
		{528C95F8-36B8-4680-AE7D-F08B564A52E4}.Debug|x86.Build.0 = Debug|x86
		{528C95F8-36B8-4680-AE7D-F08B564A52E4}.Debug|x86.ActiveCfg = Debug|x86
		{528C95F8-36B8-4680-AE7D-F08B564A52E4}.Release|x86.Build.0 = Release|x86
		{528C95F8-36B8-4680-AE7D-F08B564A52E4}.Release|x86.ActiveCfg = Release|x86
		{46CFAF31-0634-4D3D-986C-885001567D07}.Debug|x86.Build.0 = Debug|x86
		{46CFAF31-0634-4D3D-986C-885001567D07}.Debug|x86.ActiveCfg = Debug|x86
		{46CFAF31-0634-4D3D-986C-885001567D07}.Release|x86.Build.0 = Release|x86
		{46CFAF31-0634-4D3D-986C-885001567D07}.Release|x86.ActiveCfg = Release|x86
		{863C7BB1-8CD9-4AB4-8649-6808BAC83768}.Debug|x86.Build.0 = Debug|x86
		{863C7BB1-8CD9-4AB4-8649-6808BAC83768}.Debug|x86.ActiveCfg = Debug|x86
		{863C7BB1-8CD9-4AB4-8649-6808BAC83768}.Release|x86.Build.0 = Release|x86
		{863C7BB1-8CD9-4AB4-8649-6808BAC83768}.Release|x86.ActiveCfg = Release|x86
		{CB16FEE1-9C6F-4EA4-B889-5738AC7EC8D5}.Debug|x86.Build.0 = Debug|x86
		{CB16FEE1-9C6F-4EA4-B889-5738AC7EC8D5}.Debug|x86.ActiveCfg = Debug|x86
		{CB16FEE1-9C6F-4EA4-B889-5738AC7EC8D5}.Release|x86.Build.0 = Release|x86
		{CB16FEE1-9C6F-4EA4-B889-5738AC7EC8D5}.Release|x86.ActiveCfg = Release|x86
		{4FEB5BD7-30A7-4A75-811E-CCD4CCEE8B51}.Debug|x86.Build.0 = Debug|x86
		{4FEB5BD7-30A7-4A75-811E-CCD4CCEE8B51}.Debug|x86.ActiveCfg = Debug|x86
		{4FEB5BD7-30A7-4A75-811E-CCD4CCEE8B51}.Release|x86.Build.0 = Release|x86
		{4FEB5BD7-30A7-4A75-811E-CCD4CCEE8B51}.Release|x86.ActiveCfg = Release|x86
		{F7989888-2B8D-4CA7-96EC-DDD67B98AD54}.Debug|x86.Build.0 = Debug|x86
		{F7989888-2B8D-4CA7-96EC-DDD67B98AD54}.Debug|x86.ActiveCfg = Debug|x86
		{F7989888-2B8D-4CA7-96EC-DDD67B98AD54}.Release|x86.Build.0 = Release|x86
		{F7989888-2B8D-4CA7-96EC-DDD67B98AD54}.Release|x86.ActiveCfg = Release|x86
		{507707F9-0339-44B6-9FE9-0AE92BF5760B}.Debug|x86.Build.0 = Debug|x86
		{507707F9-0339-44B6-9FE9-0AE92BF5760B}.Debug|x86.ActiveCfg = Debug|x86
		{507707F9-0339-44B6-9FE9-0AE92BF5760B}.Release|x86.Build.0 = Release|x86
		{507707F9-0339-44B6-9FE9-0AE92BF5760B}.Release|x86.ActiveCfg = Release|x86
		{DA090642-D13C-4DDA-8A83-2793FFFB4A4C}.Debug|x86.Build.0 = Debug|x86
		{DA090642-D13C-4DDA-8A83-2793FFFB4A4C}.Debug|x86.ActiveCfg = Debug|x86
		{DA090642-D13C-4DDA-8A83-2793FFFB4A4C}.Release|x86.Build.0 = Release|x86
		{DA090642-D13C-4DDA-8A83-2793FFFB4A4C}.Release|x86.ActiveCfg = Release|x86
		{AA365D5A-D74A-4093-9470-2C2F5E73D544}.Debug|x86.Build.0 = Debug|x86
		{AA365D5A-D74A-4093-9470-2C2F5E73D544}.Debug|x86.ActiveCfg = Debug|x86
		{AA365D5A-D74A-4093-9470-2C2F5E73D544}.Release|x86.Build.0 = Release|x86
		{AA365D5A-D74A-4093-9470-2C2F5E73D544}.Release|x86.ActiveCfg = Release|x86
		{CBBC3D94-E5DA-446F-8330-D67F68444DB8}.Debug|x86.Build.0 = Debug|x86
		{CBBC3D94-E5DA-446F-8330-D67F68444DB8}.Debug|x86.ActiveCfg = Debug|x86
		{CBBC3D94-E5DA-446F-8330-D67F68444DB8}.Release|x86.Build.0 = Release|x86
		{CBBC3D94-E5DA-446F-8330-D67F68444DB8}.Release|x86.ActiveCfg = Release|x86
		{149EBDB8-E363-4B21-8B97-A9039FFE9245}.Debug|x86.Build.0 = Debug|x86
		{149EBDB8-E363-4B21-8B97-A9039FFE9245}.Debug|x86.ActiveCfg = Debug|x86
		{149EBDB8-E363-4B21-8B97-A9039FFE9245}.Release|x86.Build.0 = Release|x86
		{149EBDB8-E363-4B21-8B97-A9039FFE9245}.Release|x86.ActiveCfg = Release|x86
		{C757CAF8-F6A8-444E-B9EA-44555D206F9D}.Debug|x86.Build.0 = Debug|x86
		{C757CAF8-F6A8-444E-B9EA-44555D206F9D}.Debug|x86.ActiveCfg = Debug|x86
		{C757CAF8-F6A8-444E-B9EA-44555D206F9D}.Release|x86.Build.0 = Release|x86
		{C757CAF8-F6A8-444E-B9EA-44555D206F9D}.Release|x86.ActiveCfg = Release|x86
		{899987AE-0FB1-41D1-91DC-5F608EE1CF7D}.Debug|x86.Build.0 = Debug|x86
		{899987AE-0FB1-41D1-91DC-5F608EE1CF7D}.Debug|x86.ActiveCfg = Debug|x86
		{899987AE-0FB1-41D1-91DC-5F608EE1CF7D}.Release|x86.Build.0 = Release|x86
		{899987AE-0FB1-41D1-91DC-5F608EE1CF7D}.Release|x86.ActiveCfg = Release|x86
		{19496E0B-9186-446F-B664-E51C7A8C75D9}.Debug|x86.Build.0 = Debug|x86
		{19496E0B-9186-446F-B664-E51C7A8C75D9}.Debug|x86.ActiveCfg = Debug|x86
		{19496E0B-9186-446F-B664-E51C7A8C75D9}.Release|x86.Build.0 = Release|x86
		{19496E0B-9186-446F-B664-E51C7A8C75D9}.Release|x86.ActiveCfg = Release|x86
		{94998459-1976-4BA7-9889-2D762895327F}.Debug|x86.Build.0 = Debug|x86
		{94998459-1976-4BA7-9889-2D762895327F}.Debug|x86.ActiveCfg = Debug|x86
		{94998459-1976-4BA7-9889-2D762895327F}.Release|x86.Build.0 = Release|x86
		{94998459-1976-4BA7-9889-2D762895327F}.Release|x86.ActiveCfg = Release|x86
		{632AFEAE-3AAE-4786-B31C-95F44A8009DA}.Debug|x86.Build.0 = Debug|x86
		{632AFEAE-3AAE-4786-B31C-95F44A8009DA}.Debug|x86.ActiveCfg = Debug|x86
		{632AFEAE-3AAE-4786-B31C-95F44A8009DA}.Release|x86.Build.0 = Release|x86
		{632AFEAE-3AAE-4786-B31C-95F44A8009DA}.Release|x86.ActiveCfg = Release|x86
		{BBA06EF1-EB07-48A2-AA0E-FFC32E33178D}.Debug|x86.Build.0 = Debug|x86
		{BBA06EF1-EB07-48A2-AA0E-FFC32E33178D}.Debug|x86.ActiveCfg = Debug|x86
		{BBA06EF1-EB07-48A2-AA0E-FFC32E33178D}.Release|x86.Build.0 = Release|x86
		{BBA06EF1-EB07-48A2-AA0E-FFC32E33178D}.Release|x86.ActiveCfg = Release|x86
		{CAAABAB1-DE03-43DF-965B-2A53FBEA2131}.Debug|x86.Build.0 = Debug|x86
		{CAAABAB1-DE03-43DF-965B-2A53FBEA2131}.Debug|x86.ActiveCfg = Debug|x86
		{CAAABAB1-DE03-43DF-965B-2A53FBEA2131}.Release|x86.Build.0 = Release|x86
		{CAAABAB1-DE03-43DF-965B-2A53FBEA2131}.Release|x86.ActiveCfg = Release|x86
		{1D3E1357-7070-49F7-B510-4C206F31DC76}.Debug|x86.Build.0 = Debug|x86
		{1D3E1357-7070-49F7-B510-4C206F31DC76}.Debug|x86.ActiveCfg = Debug|x86
		{1D3E1357-7070-49F7-B510-4C206F31DC76}.Release|x86.Build.0 = Release|x86
		{1D3E1357-7070-49F7-B510-4C206F31DC76}.Release|x86.ActiveCfg = Release|x86
		{36CAB507-89D2-42A0-BB8D-43E4974B0B73}.Debug|x86.Build.0 = Debug|x86
		{36CAB507-89D2-42A0-BB8D-43E4974B0B73}.Debug|x86.ActiveCfg = Debug|x86
		{36CAB507-89D2-42A0-BB8D-43E4974B0B73}.Release|x86.Build.0 = Release|x86
		{36CAB507-89D2-42A0-BB8D-43E4974B0B73}.Release|x86.ActiveCfg = Release|x86
		{FCBBCB7D-6DC5-4C83-B9FD-9A951D17C088}.Debug|x86.Build.0 = Debug|x86
		{FCBBCB7D-6DC5-4C83-B9FD-9A951D17C088}.Debug|x86.ActiveCfg = Debug|x86
		{FCBBCB7D-6DC5-4C83-B9FD-9A951D17C088}.Release|x86.Build.0 = Release|x86
		{FCBBCB7D-6DC5-4C83-B9FD-9A951D17C088}.Release|x86.ActiveCfg = Release|x86
		{B6EEAD1E-65FB-43EC-9938-129C919B6658}.Debug|x86.Build.0 = Debug|x86
		{B6EEAD1E-65FB-43EC-9938-129C919B6658}.Debug|x86.ActiveCfg = Debug|x86
		{B6EEAD1E-65FB-43EC-9938-129C919B6658}.Release|x86.Build.0 = Release|x86
		{B6EEAD1E-65FB-43EC-9938-129C919B6658}.Release|x86.ActiveCfg = Release|x86
		{277F5A83-76B4-4961-A8AC-EF90712EF5F1}.Debug|x86.Build.0 = Debug|x86
		{277F5A83-76B4-4961-A8AC-EF90712EF5F1}.Debug|x86.ActiveCfg = Debug|x86
		{277F5A83-76B4-4961-A8AC-EF90712EF5F1}.Release|x86.Build.0 = Release|x86
		{277F5A83-76B4-4961-A8AC-EF90712EF5F1}.Release|x86.ActiveCfg = Release|x86
		{4BB4D689-134A-4845-87DF-F5001D1CEC92}.Debug|x86.Build.0 = Debug|x86
		{4BB4D689-134A-4845-87DF-F5001D1CEC92}.Debug|x86.ActiveCfg = Debug|x86
		{4BB4D689-134A-4845-87DF-F5001D1CEC92}.Release|x86.Build.0 = Release|x86
		{4BB4D689-134A-4845-87DF-F5001D1CEC92}.Release|x86.ActiveCfg = Release|x86
		{04659F98-5457-44B7-8FD6-36216D32880E}.Debug|x86.Build.0 = Debug|x86
		{04659F98-5457-44B7-8FD6-36216D32880E}.Debug|x86.ActiveCfg = Debug|x86
		{04659F98-5457-44B7-8FD6-36216D32880E}.Release|x86.Build.0 = Release|x86
		{04659F98-5457-44B7-8FD6-36216D32880E}.Release|x86.ActiveCfg = Release|x86
		{8756A99D-C916-4168-B3FC-BDBB9E14D4F5}.Debug|x86.Build.0 = Debug|x86
		{8756A99D-C916-4168-B3FC-BDBB9E14D4F5}.Debug|x86.ActiveCfg = Debug|x86
		{8756A99D-C916-4168-B3FC-BDBB9E14D4F5}.Release|x86.Build.0 = Release|x86
		{8756A99D-C916-4168-B3FC-BDBB9E14D4F5}.Release|x86.ActiveCfg = Release|x86
		{13C5ECB9-4C6C-4D0A-9780-B6FE2436D162}.Debug|x86.Build.0 = Debug|x86
		{13C5ECB9-4C6C-4D0A-9780-B6FE2436D162}.Debug|x86.ActiveCfg = Debug|x86
		{13C5ECB9-4C6C-4D0A-9780-B6FE2436D162}.Release|x86.Build.0 = Release|x86
		{13C5ECB9-4C6C-4D0A-9780-B6FE2436D162}.Release|x86.ActiveCfg = Release|x86
		{77E2FD53-D2CA-4710-9281-CEF4BDB5192E}.Debug|x86.Build.0 = Debug|x86
		{77E2FD53-D2CA-4710-9281-CEF4BDB5192E}.Debug|x86.ActiveCfg = Debug|x86
		{77E2FD53-D2CA-4710-9281-CEF4BDB5192E}.Release|x86.Build.0 = Release|x86
		{77E2FD53-D2CA-4710-9281-CEF4BDB5192E}.Release|x86.ActiveCfg = Release|x86
		{AF42626C-5212-4E4E-84DF-30BE8F253C51}.Debug|x86.Build.0 = Debug|x86
		{AF42626C-5212-4E4E-84DF-30BE8F253C51}.Debug|x86.ActiveCfg = Debug|x86
		{AF42626C-5212-4E4E-84DF-30BE8F253C51}.Release|x86.Build.0 = Release|x86
		{AF42626C-5212-4E4E-84DF-30BE8F253C51}.Release|x86.ActiveCfg = Release|x86
		{463C3583-41B6-4A68-9C0B-6F2ABCD34AB8}.Debug|x86.Build.0 = Debug|x86
		{463C3583-41B6-4A68-9C0B-6F2ABCD34AB8}.Debug|x86.ActiveCfg = Debug|x86
		{463C3583-41B6-4A68-9C0B-6F2ABCD34AB8}.Release|x86.Build.0 = Release|x86
		{463C3583-41B6-4A68-9C0B-6F2ABCD34AB8}.Release|x86.ActiveCfg = Release|x86
		{15129594-4CB7-416F-9674-E176FF9CCC57}.Debug|x86.Build.0 = Debug|x86
		{15129594-4CB7-416F-9674-E176FF9CCC57}.Debug|x86.ActiveCfg = Debug|x86
		{15129594-4CB7-416F-9674-E176FF9CCC57}.Release|x86.Build.0 = Release|x86
		{15129594-4CB7-416F-9674-E176FF9CCC57}.Release|x86.ActiveCfg = Release|x86
		{837D24E0-F7AC-4421-89CF-434494CCA14F}.Debug|x86.Build.0 = Debug|x86
		{837D24E0-F7AC-4421-89CF-434494CCA14F}.Debug|x86.ActiveCfg = Debug|x86
		{837D24E0-F7AC-4421-89CF-434494CCA14F}.Release|x86.Build.0 = Release|x86
		{837D24E0-F7AC-4421-89CF-434494CCA14F}.Release|x86.ActiveCfg = Release|x86
		{61CEAFB6-2A24-46FF-881B-3E6FE58EF34D}.Debug|x86.Build.0 = Debug|x86
		{61CEAFB6-2A24-46FF-881B-3E6FE58EF34D}.Debug|x86.ActiveCfg = Debug|x86
		{61CEAFB6-2A24-46FF-881B-3E6FE58EF34D}.Release|x86.Build.0 = Release|x86
		{61CEAFB6-2A24-46FF-881B-3E6FE58EF34D}.Release|x86.ActiveCfg = Release|x86
		{C736FD43-F552-49F4-935F-0A109A8E9CE8}.Debug|x86.Build.0 = Debug|x86
		{C736FD43-F552-49F4-935F-0A109A8E9CE8}.Debug|x86.ActiveCfg = Debug|x86
		{C736FD43-F552-49F4-935F-0A109A8E9CE8}.Release|x86.Build.0 = Release|x86
		{C736FD43-F552-49F4-935F-0A109A8E9CE8}.Release|x86.ActiveCfg = Release|x86
		{CC92D891-89F6-4560-BE9D-91A82D3A5820}.Debug|x86.Build.0 = Debug|x86
		{CC92D891-89F6-4560-BE9D-91A82D3A5820}.Debug|x86.ActiveCfg = Debug|x86
		{CC92D891-89F6-4560-BE9D-91A82D3A5820}.Release|x86.Build.0 = Release|x86
		{CC92D891-89F6-4560-BE9D-91A82D3A5820}.Release|x86.ActiveCfg = Release|x86
		{9EF44F00-D7E0-4F42-A9C4-E3BB273695BA}.Debug|x86.Build.0 = Debug|x86
		{9EF44F00-D7E0-4F42-A9C4-E3BB273695BA}.Debug|x86.ActiveCfg = Debug|x86
		{9EF44F00-D7E0-4F42-A9C4-E3BB273695BA}.Release|x86.Build.0 = Release|x86
		{9EF44F00-D7E0-4F42-A9C4-E3BB273695BA}.Release|x86.ActiveCfg = Release|x86
		{0152B04A-C8FB-4F1A-B8CF-AB78ABA4D678}.Debug|x86.Build.0 = Debug|x86
		{0152B04A-C8FB-4F1A-B8CF-AB78ABA4D678}.Debug|x86.ActiveCfg = Debug|x86
		{0152B04A-C8FB-4F1A-B8CF-AB78ABA4D678}.Release|x86.Build.0 = Release|x86
		{0152B04A-C8FB-4F1A-B8CF-AB78ABA4D678}.Release|x86.ActiveCfg = Release|x86
		{A66A6942-1364-4DF1-89A6-7E92CCFCDB81}.Debug|x86.Build.0 = Debug|x86
		{A66A6942-1364-4DF1-89A6-7E92CCFCDB81}.Debug|x86.ActiveCfg = Debug|x86
		{A66A6942-1364-4DF1-89A6-7E92CCFCDB81}.Release|x86.Build.0 = Release|x86
		{A66A6942-1364-4DF1-89A6-7E92CCFCDB81}.Release|x86.ActiveCfg = Release|x86
		{F318D1D9-CF85-4663-8ACD-B5EAA2C8F5B5}.Debug|x86.Build.0 = Debug|x86
		{F318D1D9-CF85-4663-8ACD-B5EAA2C8F5B5}.Debug|x86.ActiveCfg = Debug|x86
		{F318D1D9-CF85-4663-8ACD-B5EAA2C8F5B5}.Release|x86.Build.0 = Release|x86
		{F318D1D9-CF85-4663-8ACD-B5EAA2C8F5B5}.Release|x86.ActiveCfg = Release|x86
		{47E31169-D139-4D3A-9264-C710C2373737}.Debug|x86.Build.0 = Debug|x86
		{47E31169-D139-4D3A-9264-C710C2373737}.Debug|x86.ActiveCfg = Debug|x86
		{47E31169-D139-4D3A-9264-C710C2373737}.Release|x86.Build.0 = Release|x86
		{47E31169-D139-4D3A-9264-C710C2373737}.Release|x86.ActiveCfg = Release|x86
		{72388876-E9C5-4B3F-8726-B5E0667DEA3E}.Debug|x86.Build.0 = Debug|x86
		{72388876-E9C5-4B3F-8726-B5E0667DEA3E}.Debug|x86.ActiveCfg = Debug|x86
		{72388876-E9C5-4B3F-8726-B5E0667DEA3E}.Release|x86.Build.0 = Release|x86
		{72388876-E9C5-4B3F-8726-B5E0667DEA3E}.Release|x86.ActiveCfg = Release|x86
		{68C83683-67FD-4884-8057-6C78CC52E578}.Debug|x86.Build.0 = Debug|x86
		{68C83683-67FD-4884-8057-6C78CC52E578}.Debug|x86.ActiveCfg = Debug|x86
		{68C83683-67FD-4884-8057-6C78CC52E578}.Release|x86.Build.0 = Release|x86
		{68C83683-67FD-4884-8057-6C78CC52E578}.Release|x86.ActiveCfg = Release|x86
		{362445D0-A624-4554-A80F-04D099F85F6B}.Debug|x86.Build.0 = Debug|x86
		{362445D0-A624-4554-A80F-04D099F85F6B}.Debug|x86.ActiveCfg = Debug|x86
		{362445D0-A624-4554-A80F-04D099F85F6B}.Release|x86.Build.0 = Release|x86
		{362445D0-A624-4554-A80F-04D099F85F6B}.Release|x86.ActiveCfg = Release|x86
		{0245D646-6DB7-4571-BF21-5356F295FE50}.Debug|x86.Build.0 = Debug|x86
		{0245D646-6DB7-4571-BF21-5356F295FE50}.Debug|x86.ActiveCfg = Debug|x86
		{0245D646-6DB7-4571-BF21-5356F295FE50}.Release|x86.Build.0 = Release|x86
		{0245D646-6DB7-4571-BF21-5356F295FE50}.Release|x86.ActiveCfg = Release|x86
	EndGlobalSection
EndGlobal
